
Microsoft Visual Studio Solution File, Format Version 12.00
# Visual Studio Version 16
VisualStudioVersion = 16.0.30104.148
MinimumVisualStudioVersion = 10.0.40219.1
Project("{9A19103F-16F7-4668-BE54-9A1E7A4F7556}") = "MVC_ComicBook_Characters", "MVC_ComicBook_Characters.csproj", "{701664DD-7C97-43B5-AC87-71C450A46753}"
EndProject
Global
	GlobalSection(SolutionConfigurationPlatforms) = preSolution
		Debug|Any CPU = Debug|Any CPU
		Release|Any CPU = Release|Any CPU
	EndGlobalSection
	GlobalSection(ProjectConfigurationPlatforms) = postSolution
		{701664DD-7C97-43B5-AC87-71C450A46753}.Debug|Any CPU.ActiveCfg = Debug|Any CPU
		{701664DD-7C97-43B5-AC87-71C450A46753}.Debug|Any CPU.Build.0 = Debug|Any CPU
		{701664DD-7C97-43B5-AC87-71C450A46753}.Release|Any CPU.ActiveCfg = Release|Any CPU
		{701664DD-7C97-43B5-AC87-71C450A46753}.Release|Any CPU.Build.0 = Release|Any CPU
	EndGlobalSection
	GlobalSection(SolutionProperties) = preSolution
		HideSolutionNode = FALSE
	EndGlobalSection
	GlobalSection(ExtensibilityGlobals) = postSolution
		SolutionGuid = {E7305B4A-B572-4D0A-B97F-725195929D8A}
	EndGlobalSection
EndGlobal
